
Microsoft Visual Studio Solution File, Format Version 12.00
# Visual Studio Version 16
VisualStudioVersion = 16.0.31613.86
MinimumVisualStudioVersion = 10.0.40219.1
Project("{FAE04EC0-301F-11D3-BF4B-00C04F79EFBC}") = "PhoneBookApp", "PhoneBookApp\PhoneBookApp.csproj", "{8D624081-40FD-4342-A5C8-01FC50440A7A}"
EndProject
Project("{FAE04EC0-301F-11D3-BF4B-00C04F79EFBC}") = "PhoneBookApp.Entities", "PhoneBook.Entities\PhoneBookApp.Entities.csproj", "{339F77D9-E9A9-48FF-B982-467C3E78F9A1}"
EndProject
Project("{FAE04EC0-301F-11D3-BF4B-00C04F79EFBC}") = "PhoneBookApp.DataAccess", "PhoneBookApp.DataAccess\PhoneBookApp.DataAccess.csproj", "{45758229-8359-4C44-94D5-3F6D54E75FB7}"
EndProject
Global
	GlobalSection(SolutionConfigurationPlatforms) = preSolution
		Debug|Any CPU = Debug|Any CPU
		Release|Any CPU = Release|Any CPU
	EndGlobalSection
	GlobalSection(ProjectConfigurationPlatforms) = postSolution
		{8D624081-40FD-4342-A5C8-01FC50440A7A}.Debug|Any CPU.ActiveCfg = Debug|Any CPU
		{8D624081-40FD-4342-A5C8-01FC50440A7A}.Debug|Any CPU.Build.0 = Debug|Any CPU
		{8D624081-40FD-4342-A5C8-01FC50440A7A}.Release|Any CPU.ActiveCfg = Release|Any CPU
		{8D624081-40FD-4342-A5C8-01FC50440A7A}.Release|Any CPU.Build.0 = Release|Any CPU
		{339F77D9-E9A9-48FF-B982-467C3E78F9A1}.Debug|Any CPU.ActiveCfg = Debug|Any CPU
		{339F77D9-E9A9-48FF-B982-467C3E78F9A1}.Debug|Any CPU.Build.0 = Debug|Any CPU
		{339F77D9-E9A9-48FF-B982-467C3E78F9A1}.Release|Any CPU.ActiveCfg = Release|Any CPU
		{339F77D9-E9A9-48FF-B982-467C3E78F9A1}.Release|Any CPU.Build.0 = Release|Any CPU
		{45758229-8359-4C44-94D5-3F6D54E75FB7}.Debug|Any CPU.ActiveCfg = Debug|Any CPU
		{45758229-8359-4C44-94D5-3F6D54E75FB7}.Debug|Any CPU.Build.0 = Debug|Any CPU
		{45758229-8359-4C44-94D5-3F6D54E75FB7}.Release|Any CPU.ActiveCfg = Release|Any CPU
		{45758229-8359-4C44-94D5-3F6D54E75FB7}.Release|Any CPU.Build.0 = Release|Any CPU
	EndGlobalSection
	GlobalSection(SolutionProperties) = preSolution
		HideSolutionNode = FALSE
	EndGlobalSection
	GlobalSection(ExtensibilityGlobals) = postSolution
		SolutionGuid = {26F8C203-14A7-46C0-A6BA-D543E9E6F662}
	EndGlobalSection
EndGlobal
