
Microsoft Visual Studio Solution File, Format Version 12.00
# Visual Studio Version 16
VisualStudioVersion = 16.0.31613.86
MinimumVisualStudioVersion = 10.0.40219.1
Project("{9A19103F-16F7-4668-BE54-9A1E7A4F7556}") = "PhoneBookApp.API", "PhoneBookApp\PhoneBookApp.API.csproj", "{8D624081-40FD-4342-A5C8-01FC50440A7A}"
EndProject
Project("{9A19103F-16F7-4668-BE54-9A1E7A4F7556}") = "PhoneBookApp.Model", "PhoneBook.Entities\PhoneBookApp.Model.csproj", "{339F77D9-E9A9-48FF-B982-467C3E78F9A1}"
EndProject
Project("{9A19103F-16F7-4668-BE54-9A1E7A4F7556}") = "PhoneBookApp.DataAccess", "PhoneBookApp.DataAccess\PhoneBookApp.DataAccess.csproj", "{45758229-8359-4C44-94D5-3F6D54E75FB7}"
EndProject
Project("{9A19103F-16F7-4668-BE54-9A1E7A4F7556}") = "PhoneBookApp.Business", "PhoneBookApp.Business\PhoneBookApp.Business.csproj", "{472E0F1A-760E-4D40-9AB1-C27D547DE8A7}"
EndProject
Project("{2150E333-8FDC-42A3-9474-1A3956D46DE8}") = "PhoneBookApplication", "PhoneBookApplication", "{B31B0966-669F-419A-A387-A0956C0EA70E}"
EndProject
Project("{FAE04EC0-301F-11D3-BF4B-00C04F79EFBC}") = "PhoneBookApp.Validation", "PhoneBookApp.Validation\PhoneBookApp.Validation.csproj", "{5EB93F59-C97B-4B49-BEDB-59463CA4298F}"
EndProject
Global
	GlobalSection(SolutionConfigurationPlatforms) = preSolution
		Debug|Any CPU = Debug|Any CPU
		Release|Any CPU = Release|Any CPU
	EndGlobalSection
	GlobalSection(ProjectConfigurationPlatforms) = postSolution
		{8D624081-40FD-4342-A5C8-01FC50440A7A}.Debug|Any CPU.ActiveCfg = Debug|Any CPU
		{8D624081-40FD-4342-A5C8-01FC50440A7A}.Debug|Any CPU.Build.0 = Debug|Any CPU
		{8D624081-40FD-4342-A5C8-01FC50440A7A}.Release|Any CPU.ActiveCfg = Release|Any CPU
		{8D624081-40FD-4342-A5C8-01FC50440A7A}.Release|Any CPU.Build.0 = Release|Any CPU
		{339F77D9-E9A9-48FF-B982-467C3E78F9A1}.Debug|Any CPU.ActiveCfg = Debug|Any CPU
		{339F77D9-E9A9-48FF-B982-467C3E78F9A1}.Debug|Any CPU.Build.0 = Debug|Any CPU
		{339F77D9-E9A9-48FF-B982-467C3E78F9A1}.Release|Any CPU.ActiveCfg = Release|Any CPU
		{339F77D9-E9A9-48FF-B982-467C3E78F9A1}.Release|Any CPU.Build.0 = Release|Any CPU
		{45758229-8359-4C44-94D5-3F6D54E75FB7}.Debug|Any CPU.ActiveCfg = Debug|Any CPU
		{45758229-8359-4C44-94D5-3F6D54E75FB7}.Debug|Any CPU.Build.0 = Debug|Any CPU
		{45758229-8359-4C44-94D5-3F6D54E75FB7}.Release|Any CPU.ActiveCfg = Release|Any CPU
		{45758229-8359-4C44-94D5-3F6D54E75FB7}.Release|Any CPU.Build.0 = Release|Any CPU
		{472E0F1A-760E-4D40-9AB1-C27D547DE8A7}.Debug|Any CPU.ActiveCfg = Debug|Any CPU
		{472E0F1A-760E-4D40-9AB1-C27D547DE8A7}.Debug|Any CPU.Build.0 = Debug|Any CPU
		{472E0F1A-760E-4D40-9AB1-C27D547DE8A7}.Release|Any CPU.ActiveCfg = Release|Any CPU
		{472E0F1A-760E-4D40-9AB1-C27D547DE8A7}.Release|Any CPU.Build.0 = Release|Any CPU
		{5EB93F59-C97B-4B49-BEDB-59463CA4298F}.Debug|Any CPU.ActiveCfg = Debug|Any CPU
		{5EB93F59-C97B-4B49-BEDB-59463CA4298F}.Debug|Any CPU.Build.0 = Debug|Any CPU
		{5EB93F59-C97B-4B49-BEDB-59463CA4298F}.Release|Any CPU.ActiveCfg = Release|Any CPU
		{5EB93F59-C97B-4B49-BEDB-59463CA4298F}.Release|Any CPU.Build.0 = Release|Any CPU
	EndGlobalSection
	GlobalSection(SolutionProperties) = preSolution
		HideSolutionNode = FALSE
	EndGlobalSection
	GlobalSection(NestedProjects) = preSolution
		{8D624081-40FD-4342-A5C8-01FC50440A7A} = {B31B0966-669F-419A-A387-A0956C0EA70E}
		{339F77D9-E9A9-48FF-B982-467C3E78F9A1} = {B31B0966-669F-419A-A387-A0956C0EA70E}
		{45758229-8359-4C44-94D5-3F6D54E75FB7} = {B31B0966-669F-419A-A387-A0956C0EA70E}
		{472E0F1A-760E-4D40-9AB1-C27D547DE8A7} = {B31B0966-669F-419A-A387-A0956C0EA70E}
	EndGlobalSection
	GlobalSection(ExtensibilityGlobals) = postSolution
		SolutionGuid = {26F8C203-14A7-46C0-A6BA-D543E9E6F662}
	EndGlobalSection
EndGlobal
